
Microsoft Visual Studio Solution File, Format Version 12.00
# Visual Studio 15
VisualStudioVersion = 15.0.27130.2036
MinimumVisualStudioVersion = 10.0.40219.1
Project("{FAE04EC0-301F-11D3-BF4B-00C04F79EFBC}") = "Competicoes", "Competicoes\Competicoes.csproj", "{0A355932-078B-4A4D-A8A7-B6401BC8DC98}"
EndProject
Project("{FAE04EC0-301F-11D3-BF4B-00C04F79EFBC}") = "Competicoes.UnitTests", "Competicoes.UnitTests\Competicoes.UnitTests.csproj", "{802DEB4E-29F5-4109-9C97-63460C952F19}"
EndProject
Global
	GlobalSection(SolutionConfigurationPlatforms) = preSolution
		Debug|Any CPU = Debug|Any CPU
		Release|Any CPU = Release|Any CPU
	EndGlobalSection
	GlobalSection(ProjectConfigurationPlatforms) = postSolution
		{0A355932-078B-4A4D-A8A7-B6401BC8DC98}.Debug|Any CPU.ActiveCfg = Debug|Any CPU
		{0A355932-078B-4A4D-A8A7-B6401BC8DC98}.Debug|Any CPU.Build.0 = Debug|Any CPU
		{0A355932-078B-4A4D-A8A7-B6401BC8DC98}.Release|Any CPU.ActiveCfg = Release|Any CPU
		{0A355932-078B-4A4D-A8A7-B6401BC8DC98}.Release|Any CPU.Build.0 = Release|Any CPU
		{802DEB4E-29F5-4109-9C97-63460C952F19}.Debug|Any CPU.ActiveCfg = Debug|Any CPU
		{802DEB4E-29F5-4109-9C97-63460C952F19}.Debug|Any CPU.Build.0 = Debug|Any CPU
		{802DEB4E-29F5-4109-9C97-63460C952F19}.Release|Any CPU.ActiveCfg = Release|Any CPU
		{802DEB4E-29F5-4109-9C97-63460C952F19}.Release|Any CPU.Build.0 = Release|Any CPU
	EndGlobalSection
	GlobalSection(SolutionProperties) = preSolution
		HideSolutionNode = FALSE
	EndGlobalSection
	GlobalSection(ExtensibilityGlobals) = postSolution
		SolutionGuid = {94A53885-530B-4007-8823-915814312719}
	EndGlobalSection
EndGlobal
